
Microsoft Visual Studio Solution File, Format Version 12.00
# Visual Studio 15
VisualStudioVersion = 15.0.28307.1082
MinimumVisualStudioVersion = 10.0.40219.1
Project("{FAE04EC0-301F-11D3-BF4B-00C04F79EFBC}") = "VSIXDDLC", "VSIXDDLC\VSIXDDLC.csproj", "{29184E2B-AC73-4C54-80B7-A536AD10B155}"
EndProject
Global
	GlobalSection(SolutionConfigurationPlatforms) = preSolution
		Debug|Any CPU = Debug|Any CPU
		Release|Any CPU = Release|Any CPU
	EndGlobalSection
	GlobalSection(ProjectConfigurationPlatforms) = postSolution
		{29184E2B-AC73-4C54-80B7-A536AD10B155}.Debug|Any CPU.ActiveCfg = Debug|Any CPU
		{29184E2B-AC73-4C54-80B7-A536AD10B155}.Debug|Any CPU.Build.0 = Debug|Any CPU
		{29184E2B-AC73-4C54-80B7-A536AD10B155}.Release|Any CPU.ActiveCfg = Release|Any CPU
		{29184E2B-AC73-4C54-80B7-A536AD10B155}.Release|Any CPU.Build.0 = Release|Any CPU
	EndGlobalSection
	GlobalSection(SolutionProperties) = preSolution
		HideSolutionNode = FALSE
	EndGlobalSection
	GlobalSection(ExtensibilityGlobals) = postSolution
		SolutionGuid = {3A1C3023-F78B-4238-94EA-6443E1FDE47E}
	EndGlobalSection
EndGlobal
